
Microsoft Visual Studio Solution File, Format Version 12.00
# Visual Studio Version 17
VisualStudioVersion = 17.0.31903.59
MinimumVisualStudioVersion = 10.0.40219.1
Project("{FAE04EC0-301F-11D3-BF4B-00C04F79EFBC}") = "Fringilla.Matroska", "Fringilla.Matroska\Fringilla.Matroska.csproj", "{FD7F09BB-7CAE-4E85-8801-FF45488ED9C6}"
EndProject
Project("{FAE04EC0-301F-11D3-BF4B-00C04F79EFBC}") = "Fringilla.Matroska.Tests", "Fringilla.Matroska.Tests\Fringilla.Matroska.Tests.csproj", "{F80AADB7-736D-4E2E-8F70-485F9EA4FD87}"
EndProject
Global
	GlobalSection(SolutionConfigurationPlatforms) = preSolution
		Debug|Any CPU = Debug|Any CPU
		Release|Any CPU = Release|Any CPU
	EndGlobalSection
	GlobalSection(SolutionProperties) = preSolution
		HideSolutionNode = FALSE
	EndGlobalSection
	GlobalSection(ProjectConfigurationPlatforms) = postSolution
		{FD7F09BB-7CAE-4E85-8801-FF45488ED9C6}.Debug|Any CPU.ActiveCfg = Debug|Any CPU
		{FD7F09BB-7CAE-4E85-8801-FF45488ED9C6}.Debug|Any CPU.Build.0 = Debug|Any CPU
		{FD7F09BB-7CAE-4E85-8801-FF45488ED9C6}.Release|Any CPU.ActiveCfg = Release|Any CPU
		{FD7F09BB-7CAE-4E85-8801-FF45488ED9C6}.Release|Any CPU.Build.0 = Release|Any CPU
		{F80AADB7-736D-4E2E-8F70-485F9EA4FD87}.Debug|Any CPU.ActiveCfg = Debug|Any CPU
		{F80AADB7-736D-4E2E-8F70-485F9EA4FD87}.Debug|Any CPU.Build.0 = Debug|Any CPU
		{F80AADB7-736D-4E2E-8F70-485F9EA4FD87}.Release|Any CPU.ActiveCfg = Release|Any CPU
		{F80AADB7-736D-4E2E-8F70-485F9EA4FD87}.Release|Any CPU.Build.0 = Release|Any CPU
	EndGlobalSection
EndGlobal
